
Microsoft Visual Studio Solution File, Format Version 12.00
# Visual Studio Version 17
VisualStudioVersion = 17.10.35027.167
MinimumVisualStudioVersion = 10.0.40219.1
Project("{9A19103F-16F7-4668-BE54-9A1E7A4F7556}") = "BTKETicaretSitesi", "BTKETicaretSitesi.csproj", "{4DEE7BD6-E987-4FD9-BD6D-42F9CC361DDF}"
EndProject
Project("{FAE04EC0-301F-11D3-BF4B-00C04F79EFBC}") = "McpService", "..\McpService\McpService.csproj", "{7A30BA9D-A76B-4AA4-9F72-24265893649B}"
EndProject
Global
	GlobalSection(SolutionConfigurationPlatforms) = preSolution
		Debug|Any CPU = Debug|Any CPU
		Release|Any CPU = Release|Any CPU
	EndGlobalSection
	GlobalSection(ProjectConfigurationPlatforms) = postSolution
		{4DEE7BD6-E987-4FD9-BD6D-42F9CC361DDF}.Debug|Any CPU.ActiveCfg = Debug|Any CPU
		{4DEE7BD6-E987-4FD9-BD6D-42F9CC361DDF}.Debug|Any CPU.Build.0 = Debug|Any CPU
		{4DEE7BD6-E987-4FD9-BD6D-42F9CC361DDF}.Release|Any CPU.ActiveCfg = Release|Any CPU
		{4DEE7BD6-E987-4FD9-BD6D-42F9CC361DDF}.Release|Any CPU.Build.0 = Release|Any CPU
		{7A30BA9D-A76B-4AA4-9F72-24265893649B}.Debug|Any CPU.ActiveCfg = Debug|Any CPU
		{7A30BA9D-A76B-4AA4-9F72-24265893649B}.Debug|Any CPU.Build.0 = Debug|Any CPU
		{7A30BA9D-A76B-4AA4-9F72-24265893649B}.Release|Any CPU.ActiveCfg = Release|Any CPU
		{7A30BA9D-A76B-4AA4-9F72-24265893649B}.Release|Any CPU.Build.0 = Release|Any CPU
	EndGlobalSection
	GlobalSection(SolutionProperties) = preSolution
		HideSolutionNode = FALSE
	EndGlobalSection
	GlobalSection(ExtensibilityGlobals) = postSolution
		SolutionGuid = {F4A77FCD-4573-4DC3-A7C6-DDF9F606AB9F}
	EndGlobalSection
EndGlobal
